
Microsoft Visual Studio Solution File, Format Version 12.00
# Visual Studio Version 16
VisualStudioVersion = 16.0.30413.136
MinimumVisualStudioVersion = 10.0.40219.1
Project("{FAE04EC0-301F-11D3-BF4B-00C04F79EFBC}") = "Lab2Library", "Lab2Library\Lab2Library.csproj", "{90F654C6-02AC-4B7C-90FB-9E01BA53C494}"
EndProject
Project("{FAE04EC0-301F-11D3-BF4B-00C04F79EFBC}") = "Lab2Console", "Lab2Console\Lab2Console.csproj", "{D9D44322-847F-4914-9033-B23C25A78F5A}"
EndProject
Global
	GlobalSection(SolutionConfigurationPlatforms) = preSolution
		Debug|Any CPU = Debug|Any CPU
		Release|Any CPU = Release|Any CPU
	EndGlobalSection
	GlobalSection(ProjectConfigurationPlatforms) = postSolution
		{90F654C6-02AC-4B7C-90FB-9E01BA53C494}.Debug|Any CPU.ActiveCfg = Debug|Any CPU
		{90F654C6-02AC-4B7C-90FB-9E01BA53C494}.Debug|Any CPU.Build.0 = Debug|Any CPU
		{90F654C6-02AC-4B7C-90FB-9E01BA53C494}.Release|Any CPU.ActiveCfg = Release|Any CPU
		{90F654C6-02AC-4B7C-90FB-9E01BA53C494}.Release|Any CPU.Build.0 = Release|Any CPU
		{D9D44322-847F-4914-9033-B23C25A78F5A}.Debug|Any CPU.ActiveCfg = Debug|Any CPU
		{D9D44322-847F-4914-9033-B23C25A78F5A}.Debug|Any CPU.Build.0 = Debug|Any CPU
		{D9D44322-847F-4914-9033-B23C25A78F5A}.Release|Any CPU.ActiveCfg = Release|Any CPU
		{D9D44322-847F-4914-9033-B23C25A78F5A}.Release|Any CPU.Build.0 = Release|Any CPU
	EndGlobalSection
	GlobalSection(SolutionProperties) = preSolution
		HideSolutionNode = FALSE
	EndGlobalSection
	GlobalSection(ExtensibilityGlobals) = postSolution
		SolutionGuid = {ABC425DC-A953-43C3-B01D-5DEE45C93889}
	EndGlobalSection
EndGlobal
